
Microsoft Visual Studio Solution File, Format Version 12.00
# Visual Studio 15
VisualStudioVersion = 15.0.28010.2041
MinimumVisualStudioVersion = 10.0.40219.1
Project("{FAE04EC0-301F-11D3-BF4B-00C04F79EFBC}") = "Modernize.Web", "Modernize.Web\Modernize.Web.csproj", "{21A5EA7C-9718-414D-9359-79FEFC959B8E}"
EndProject
Project("{E53339B2-1760-4266-BCC7-CA923CBCF16C}") = "docker-compose", "docker-compose.dcproj", "{A276E7FE-F6C1-4C4D-9E74-2FAEDA43D81F}"
EndProject
Global
	GlobalSection(SolutionConfigurationPlatforms) = preSolution
		Debug|Any CPU = Debug|Any CPU
		Release|Any CPU = Release|Any CPU
	EndGlobalSection
	GlobalSection(ProjectConfigurationPlatforms) = postSolution
		{21A5EA7C-9718-414D-9359-79FEFC959B8E}.Debug|Any CPU.ActiveCfg = Debug|Any CPU
		{21A5EA7C-9718-414D-9359-79FEFC959B8E}.Debug|Any CPU.Build.0 = Debug|Any CPU
		{21A5EA7C-9718-414D-9359-79FEFC959B8E}.Release|Any CPU.ActiveCfg = Release|Any CPU
		{21A5EA7C-9718-414D-9359-79FEFC959B8E}.Release|Any CPU.Build.0 = Release|Any CPU
		{A276E7FE-F6C1-4C4D-9E74-2FAEDA43D81F}.Debug|Any CPU.ActiveCfg = Debug|Any CPU
		{A276E7FE-F6C1-4C4D-9E74-2FAEDA43D81F}.Debug|Any CPU.Build.0 = Debug|Any CPU
		{A276E7FE-F6C1-4C4D-9E74-2FAEDA43D81F}.Release|Any CPU.ActiveCfg = Release|Any CPU
		{A276E7FE-F6C1-4C4D-9E74-2FAEDA43D81F}.Release|Any CPU.Build.0 = Release|Any CPU
	EndGlobalSection
	GlobalSection(SolutionProperties) = preSolution
		HideSolutionNode = FALSE
	EndGlobalSection
	GlobalSection(ExtensibilityGlobals) = postSolution
		SolutionGuid = {2CE0191A-E729-481F-A1FC-3F155328160C}
	EndGlobalSection
EndGlobal
